
Microsoft Visual Studio Solution File, Format Version 12.00
# Visual Studio Version 17
VisualStudioVersion = 17.14.36414.22 d17.14
MinimumVisualStudioVersion = 10.0.40219.1
Project("{F14B399A-7131-4C87-9E4B-1186C45EF12D}") = "Demo_AdventureWorks", "Demo_AdventureWorks.rptproj", "{586A929C-0C73-7A16-89FA-F250C40C50E7}"
EndProject
Global
	GlobalSection(SolutionConfigurationPlatforms) = preSolution
		Debug|Default = Debug|Default
		DebugLocal|Default = DebugLocal|Default
		Release|Default = Release|Default
	EndGlobalSection
	GlobalSection(ProjectConfigurationPlatforms) = postSolution
		{586A929C-0C73-7A16-89FA-F250C40C50E7}.Debug|Default.ActiveCfg = Debug
		{586A929C-0C73-7A16-89FA-F250C40C50E7}.Debug|Default.Build.0 = Debug
		{586A929C-0C73-7A16-89FA-F250C40C50E7}.Debug|Default.Deploy.0 = Debug
		{586A929C-0C73-7A16-89FA-F250C40C50E7}.DebugLocal|Default.ActiveCfg = DebugLocal
		{586A929C-0C73-7A16-89FA-F250C40C50E7}.DebugLocal|Default.Build.0 = DebugLocal
		{586A929C-0C73-7A16-89FA-F250C40C50E7}.Release|Default.ActiveCfg = Release
		{586A929C-0C73-7A16-89FA-F250C40C50E7}.Release|Default.Build.0 = Release
		{586A929C-0C73-7A16-89FA-F250C40C50E7}.Release|Default.Deploy.0 = Release
	EndGlobalSection
	GlobalSection(SolutionProperties) = preSolution
		HideSolutionNode = FALSE
	EndGlobalSection
	GlobalSection(ExtensibilityGlobals) = postSolution
		SolutionGuid = {782B45BB-9941-4A9F-B5E3-11612BB45D0A}
	EndGlobalSection
EndGlobal
